{
	"name": "@curtain-call/collision",
	"version": "0.15.0",
	"lockfileVersion": 1,
	"requires": true,
	"dependencies": {
		"@trans-vector2d/matrix": {
			"version": "2.0.0",
			"resolved": "https://registry.npmjs.org/@trans-vector2d/matrix/-/matrix-2.0.0.tgz",
			"integrity": "sha512-vFMt0q8E0zyEz1u0LGDs9b2WFmvKV9L1reUPJa1AhuB1qvN7dKnmntHuQlMM6YCSaup8LZQ7w12oa2bqo/4Oow==",
			"requires": {
				"@trans-vector2d/vector": "^2.0.0"
			}
		},
		"@trans-vector2d/vector": {
			"version": "2.0.0",
			"resolved": "https://registry.npmjs.org/@trans-vector2d/vector/-/vector-2.0.0.tgz",
			"integrity": "sha512-5mBfMpt4Z6eO5aTxpJCqMhgVBlrRlbZtSF3wELXJ9RoxILIlEiwAlmqRRwk843kzRlVleWr8mtYL4+dv0Uj8MA=="
		},
		"@types/box-intersect": {
			"version": "1.0.0",
			"resolved": "https://registry.npmjs.org/@types/box-intersect/-/box-intersect-1.0.0.tgz",
			"integrity": "sha512-Bf6O431pf1gDWxCXnKrxcBPc+NLpTA9HtZJ1l1hEhqrBsSr2zDwYrw2/K6QwkO+Nwfj5spsLwRFNYLft5QhVSQ==",
			"dev": true
		},
		"bit-twiddle": {
			"version": "1.0.2",
			"resolved": "https://registry.npmjs.org/bit-twiddle/-/bit-twiddle-1.0.2.tgz",
			"integrity": "sha1-DGwfq+KyPRcXPZpht7cJPrnhdp4="
		},
		"box-intersect": {
			"version": "1.0.2",
			"resolved": "https://registry.npmjs.org/box-intersect/-/box-intersect-1.0.2.tgz",
			"integrity": "sha512-yJeMwlmFPG1gIa7Rs/cGXeI6iOj6Qz5MG5PE61xLKpElUGzmJ4abm+qsLpzxKJFpsSDq742BQEocr8dI2t8Nxw==",
			"requires": {
				"bit-twiddle": "^1.0.2",
				"typedarray-pool": "^1.1.0"
			}
		},
		"dup": {
			"version": "1.0.0",
			"resolved": "https://registry.npmjs.org/dup/-/dup-1.0.0.tgz",
			"integrity": "sha1-UfxaxoX4GWRp3wuQXpNLIK9bQCk="
		},
		"eventemitter3": {
			"version": "4.0.7",
			"resolved": "https://registry.npmjs.org/eventemitter3/-/eventemitter3-4.0.7.tgz",
			"integrity": "sha512-8guHBZCwKnFhYdHr2ysuRWErTwhoN2X8XELRlrRwpmfeY2jjuUN4taQMsULKUVo1K4DvZl+0pgfyoysHxvmvEw==",
			"dev": true
		},
		"predefined-promise": {
			"version": "2.0.3",
			"resolved": "https://registry.npmjs.org/predefined-promise/-/predefined-promise-2.0.3.tgz",
			"integrity": "sha512-kYgViPfGLYjwAF8HduB/PtpY3hDMiYaFgCtpGqDC2WkAiq31Klw2+dY7yBzTIs4kTGUqm3wJ/S0lx0RbitHn8Q=="
		},
		"reflect-metadata": {
			"version": "0.1.13",
			"resolved": "https://registry.npmjs.org/reflect-metadata/-/reflect-metadata-0.1.13.tgz",
			"integrity": "sha512-Ts1Y/anZELhSsjMcU605fU9RE4Oi3p5ORujwbIKXfWa+0Zxs510Qrmrce5/Jowq3cHSZSJqBjypxmHarc+vEWg=="
		},
		"trans-vector2d": {
			"version": "2.0.0",
			"resolved": "https://registry.npmjs.org/trans-vector2d/-/trans-vector2d-2.0.0.tgz",
			"integrity": "sha512-MIFqXjw01gpVxo82aN3GSCSoKDy+MLdJ3lN3XfEVvd9jwBJLjUv573K2RI5zG5u3UsJLX3B+nwWW3I3P0QGpcQ==",
			"requires": {
				"@trans-vector2d/matrix": "^2.0.0",
				"@trans-vector2d/vector": "^2.0.0"
			}
		},
		"tslib": {
			"version": "1.13.0",
			"resolved": "https://registry.npmjs.org/tslib/-/tslib-1.13.0.tgz",
			"integrity": "sha512-i/6DQjL8Xf3be4K/E6Wgpekn5Qasl1usyw++dAA35Ue5orEn65VIxOA+YvNNl9HV3qv70T7CNwjODHZrLwvd1Q=="
		},
		"tsyringe": {
			"version": "4.3.0",
			"resolved": "https://registry.npmjs.org/tsyringe/-/tsyringe-4.3.0.tgz",
			"integrity": "sha512-Vzty1M/EQXSsEE8aoIOLl1l793chcPyQAnFJaS1mFDtFvNPY+jknSPwMIF6yfcjua+2GTgwxWFzuA3cjIx4NZA==",
			"requires": {
				"tslib": "^1.9.3"
			}
		},
		"typedarray-pool": {
			"version": "1.2.0",
			"resolved": "https://registry.npmjs.org/typedarray-pool/-/typedarray-pool-1.2.0.tgz",
			"integrity": "sha512-YTSQbzX43yvtpfRtIDAYygoYtgT+Rpjuxy9iOpczrjpXLgGoyG7aS5USJXV2d3nn8uHTeb9rXDvzS27zUg5KYQ==",
			"requires": {
				"bit-twiddle": "^1.0.0",
				"dup": "^1.0.0"
			}
		},
		"typescript": {
			"version": "3.9.7",
			"resolved": "https://registry.npmjs.org/typescript/-/typescript-3.9.7.tgz",
			"integrity": "sha512-BLbiRkiBzAwsjut4x/dsibSTB6yWpwT5qWmC2OfuCg3GgVQCSgMs4vEctYPhsaGtd0AeuuHMkjZ2h2WG8MSzRw==",
			"dev": true
		}
	}
}
