{
	"name": "@curtain-call/actors-spawner",
	"version": "0.8.0",
	"lockfileVersion": 1,
	"requires": true,
	"dependencies": {
		"@trans-vector2d/matrix": {
			"version": "2.0.0",
			"resolved": "https://registry.npmjs.org/@trans-vector2d/matrix/-/matrix-2.0.0.tgz",
			"integrity": "sha512-vFMt0q8E0zyEz1u0LGDs9b2WFmvKV9L1reUPJa1AhuB1qvN7dKnmntHuQlMM6YCSaup8LZQ7w12oa2bqo/4Oow==",
			"requires": {
				"@trans-vector2d/vector": "^2.0.0"
			}
		},
		"@trans-vector2d/vector": {
			"version": "2.0.0",
			"resolved": "https://registry.npmjs.org/@trans-vector2d/vector/-/vector-2.0.0.tgz",
			"integrity": "sha512-5mBfMpt4Z6eO5aTxpJCqMhgVBlrRlbZtSF3wELXJ9RoxILIlEiwAlmqRRwk843kzRlVleWr8mtYL4+dv0Uj8MA=="
		},
		"eventemitter3": {
			"version": "4.0.4",
			"resolved": "https://registry.npmjs.org/eventemitter3/-/eventemitter3-4.0.4.tgz",
			"integrity": "sha512-rlaVLnVxtxvoyLsQQFBx53YmXHDxRIzzTLbdfxqi4yocpSjAxXwkU0cScM5JgSKMqEhrZpnvQ2D9gjylR0AimQ=="
		},
		"trans-vector2d": {
			"version": "2.0.0",
			"resolved": "https://registry.npmjs.org/trans-vector2d/-/trans-vector2d-2.0.0.tgz",
			"integrity": "sha512-MIFqXjw01gpVxo82aN3GSCSoKDy+MLdJ3lN3XfEVvd9jwBJLjUv573K2RI5zG5u3UsJLX3B+nwWW3I3P0QGpcQ==",
			"requires": {
				"@trans-vector2d/matrix": "^2.0.0",
				"@trans-vector2d/vector": "^2.0.0"
			}
		},
		"typescript": {
			"version": "3.9.7",
			"resolved": "https://registry.npmjs.org/typescript/-/typescript-3.9.7.tgz",
			"integrity": "sha512-BLbiRkiBzAwsjut4x/dsibSTB6yWpwT5qWmC2OfuCg3GgVQCSgMs4vEctYPhsaGtd0AeuuHMkjZ2h2WG8MSzRw==",
			"dev": true
		}
	}
}
