{
	"name": "@curtain-call/ia-rendering",
	"version": "0.15.0",
	"lockfileVersion": 1,
	"requires": true,
	"dependencies": {
		"reflect-metadata": {
			"version": "0.1.13",
			"resolved": "https://registry.npmjs.org/reflect-metadata/-/reflect-metadata-0.1.13.tgz",
			"integrity": "sha512-Ts1Y/anZELhSsjMcU605fU9RE4Oi3p5ORujwbIKXfWa+0Zxs510Qrmrce5/Jowq3cHSZSJqBjypxmHarc+vEWg==",
			"dev": true
		},
		"typescript": {
			"version": "4.1.5",
			"resolved": "https://registry.npmjs.org/typescript/-/typescript-4.1.5.tgz",
			"integrity": "sha512-6OSu9PTIzmn9TCDiovULTnET6BgXtDYL4Gg4szY+cGsc3JP1dQL8qvE8kShTRx1NIw4Q9IBHlwODjkjWEtMUyA==",
			"dev": true
		}
	}
}
