{
	"name": "@curtain-call/timer",
	"version": "0.15.0",
	"lockfileVersion": 1,
	"requires": true,
	"dependencies": {
		"predefined-promise": {
			"version": "2.0.3",
			"resolved": "https://registry.npmjs.org/predefined-promise/-/predefined-promise-2.0.3.tgz",
			"integrity": "sha512-kYgViPfGLYjwAF8HduB/PtpY3hDMiYaFgCtpGqDC2WkAiq31Klw2+dY7yBzTIs4kTGUqm3wJ/S0lx0RbitHn8Q=="
		},
		"typescript": {
			"version": "3.9.7",
			"resolved": "https://registry.npmjs.org/typescript/-/typescript-3.9.7.tgz",
			"integrity": "sha512-BLbiRkiBzAwsjut4x/dsibSTB6yWpwT5qWmC2OfuCg3GgVQCSgMs4vEctYPhsaGtd0AeuuHMkjZ2h2WG8MSzRw==",
			"dev": true
		}
	}
}
