{
	"name": "@curtain-call/health",
	"version": "0.10.0",
	"lockfileVersion": 1,
	"requires": true,
	"dependencies": {
		"eventemitter3": {
			"version": "4.0.7",
			"resolved": "https://registry.npmjs.org/eventemitter3/-/eventemitter3-4.0.7.tgz",
			"integrity": "sha512-8guHBZCwKnFhYdHr2ysuRWErTwhoN2X8XELRlrRwpmfeY2jjuUN4taQMsULKUVo1K4DvZl+0pgfyoysHxvmvEw=="
		},
		"typescript": {
			"version": "3.9.7",
			"resolved": "https://registry.npmjs.org/typescript/-/typescript-3.9.7.tgz",
			"integrity": "sha512-BLbiRkiBzAwsjut4x/dsibSTB6yWpwT5qWmC2OfuCg3GgVQCSgMs4vEctYPhsaGtd0AeuuHMkjZ2h2WG8MSzRw==",
			"dev": true
		}
	}
}
